
Microsoft Visual Studio Solution File, Format Version 12.00
# Visual Studio Version 17
VisualStudioVersion = 17.5.2.0
MinimumVisualStudioVersion = 10.0.40219.1
Project("{FAE04EC0-301F-11D3-BF4B-00C04F79EFBC}") = "BetaSharp.Client", "BetaSharp.Client.csproj", "{8E08F9CB-E76E-3024-D322-64A7E5E0ADBD}"
EndProject
Project("{FAE04EC0-301F-11D3-BF4B-00C04F79EFBC}") = "BetaSharp.JavaModStubs", "..\BetaSharp.JavaModStubs\BetaSharp.JavaModStubs.csproj", "{14A30203-9CAD-455A-8285-976FC28AADE2}"
EndProject
Project("{FAE04EC0-301F-11D3-BF4B-00C04F79EFBC}") = "BetaSharp", "..\BetaSharp\BetaSharp.csproj", "{21360F8E-BA1C-42E7-98BE-7A208C783614}"
EndProject
Global
	GlobalSection(SolutionConfigurationPlatforms) = preSolution
		Debug|Any CPU = Debug|Any CPU
		Debug|x64 = Debug|x64
		Debug|x86 = Debug|x86
		Release|Any CPU = Release|Any CPU
		Release|x64 = Release|x64
		Release|x86 = Release|x86
	EndGlobalSection
	GlobalSection(ProjectConfigurationPlatforms) = postSolution
		{8E08F9CB-E76E-3024-D322-64A7E5E0ADBD}.Debug|Any CPU.ActiveCfg = Debug|Any CPU
		{8E08F9CB-E76E-3024-D322-64A7E5E0ADBD}.Debug|Any CPU.Build.0 = Debug|Any CPU
		{8E08F9CB-E76E-3024-D322-64A7E5E0ADBD}.Debug|x64.ActiveCfg = Debug|Any CPU
		{8E08F9CB-E76E-3024-D322-64A7E5E0ADBD}.Debug|x64.Build.0 = Debug|Any CPU
		{8E08F9CB-E76E-3024-D322-64A7E5E0ADBD}.Debug|x86.ActiveCfg = Debug|Any CPU
		{8E08F9CB-E76E-3024-D322-64A7E5E0ADBD}.Debug|x86.Build.0 = Debug|Any CPU
		{8E08F9CB-E76E-3024-D322-64A7E5E0ADBD}.Release|Any CPU.ActiveCfg = Release|Any CPU
		{8E08F9CB-E76E-3024-D322-64A7E5E0ADBD}.Release|Any CPU.Build.0 = Release|Any CPU
		{8E08F9CB-E76E-3024-D322-64A7E5E0ADBD}.Release|x64.ActiveCfg = Release|Any CPU
		{8E08F9CB-E76E-3024-D322-64A7E5E0ADBD}.Release|x64.Build.0 = Release|Any CPU
		{8E08F9CB-E76E-3024-D322-64A7E5E0ADBD}.Release|x86.ActiveCfg = Release|Any CPU
		{8E08F9CB-E76E-3024-D322-64A7E5E0ADBD}.Release|x86.Build.0 = Release|Any CPU
		{14A30203-9CAD-455A-8285-976FC28AADE2}.Debug|Any CPU.ActiveCfg = Debug|Any CPU
		{14A30203-9CAD-455A-8285-976FC28AADE2}.Debug|Any CPU.Build.0 = Debug|Any CPU
		{14A30203-9CAD-455A-8285-976FC28AADE2}.Debug|x64.ActiveCfg = Debug|Any CPU
		{14A30203-9CAD-455A-8285-976FC28AADE2}.Debug|x64.Build.0 = Debug|Any CPU
		{14A30203-9CAD-455A-8285-976FC28AADE2}.Debug|x86.ActiveCfg = Debug|Any CPU
		{14A30203-9CAD-455A-8285-976FC28AADE2}.Debug|x86.Build.0 = Debug|Any CPU
		{14A30203-9CAD-455A-8285-976FC28AADE2}.Release|Any CPU.ActiveCfg = Release|Any CPU
		{14A30203-9CAD-455A-8285-976FC28AADE2}.Release|Any CPU.Build.0 = Release|Any CPU
		{14A30203-9CAD-455A-8285-976FC28AADE2}.Release|x64.ActiveCfg = Release|Any CPU
		{14A30203-9CAD-455A-8285-976FC28AADE2}.Release|x64.Build.0 = Release|Any CPU
		{14A30203-9CAD-455A-8285-976FC28AADE2}.Release|x86.ActiveCfg = Release|Any CPU
		{14A30203-9CAD-455A-8285-976FC28AADE2}.Release|x86.Build.0 = Release|Any CPU
		{21360F8E-BA1C-42E7-98BE-7A208C783614}.Debug|Any CPU.ActiveCfg = Debug|Any CPU
		{21360F8E-BA1C-42E7-98BE-7A208C783614}.Debug|Any CPU.Build.0 = Debug|Any CPU
		{21360F8E-BA1C-42E7-98BE-7A208C783614}.Debug|x64.ActiveCfg = Debug|Any CPU
		{21360F8E-BA1C-42E7-98BE-7A208C783614}.Debug|x64.Build.0 = Debug|Any CPU
		{21360F8E-BA1C-42E7-98BE-7A208C783614}.Debug|x86.ActiveCfg = Debug|Any CPU
		{21360F8E-BA1C-42E7-98BE-7A208C783614}.Debug|x86.Build.0 = Debug|Any CPU
		{21360F8E-BA1C-42E7-98BE-7A208C783614}.Release|Any CPU.ActiveCfg = Release|Any CPU
		{21360F8E-BA1C-42E7-98BE-7A208C783614}.Release|Any CPU.Build.0 = Release|Any CPU
		{21360F8E-BA1C-42E7-98BE-7A208C783614}.Release|x64.ActiveCfg = Release|Any CPU
		{21360F8E-BA1C-42E7-98BE-7A208C783614}.Release|x64.Build.0 = Release|Any CPU
		{21360F8E-BA1C-42E7-98BE-7A208C783614}.Release|x86.ActiveCfg = Release|Any CPU
		{21360F8E-BA1C-42E7-98BE-7A208C783614}.Release|x86.Build.0 = Release|Any CPU
	EndGlobalSection
	GlobalSection(SolutionProperties) = preSolution
		HideSolutionNode = FALSE
	EndGlobalSection
	GlobalSection(ExtensibilityGlobals) = postSolution
		SolutionGuid = {D71C27B2-ACA9-4BA6-BBE1-ADE3AA7877DB}
	EndGlobalSection
EndGlobal
